
Microsoft Visual Studio Solution File, Format Version 12.00
# Visual Studio Version 17
VisualStudioVersion = 17.8.34316.72
MinimumVisualStudioVersion = 10.0.40219.1
Project("{FAE04EC0-301F-11D3-BF4B-00C04F79EFBC}") = "Homework_07_12", "Homework_07_12.csproj", "{2A138FB8-C550-47A6-A641-4D6681629E1B}"
EndProject
Project("{FAE04EC0-301F-11D3-BF4B-00C04F79EFBC}") = "Homework_07_12_II", "Homework_07_12_II\Homework_07_12_II.csproj", "{1F51D35A-C1D0-4037-AD02-6CA526CC09A6}"
EndProject
Project("{FAE04EC0-301F-11D3-BF4B-00C04F79EFBC}") = "Homework_07_12_III", "Homework_07_12_III\Homework_07_12_III.csproj", "{927265CB-8DDB-4521-B9AC-1DFB5F70E59D}"
EndProject
Global
	GlobalSection(SolutionConfigurationPlatforms) = preSolution
		Debug|Any CPU = Debug|Any CPU
		Release|Any CPU = Release|Any CPU
	EndGlobalSection
	GlobalSection(ProjectConfigurationPlatforms) = postSolution
		{2A138FB8-C550-47A6-A641-4D6681629E1B}.Debug|Any CPU.ActiveCfg = Debug|Any CPU
		{2A138FB8-C550-47A6-A641-4D6681629E1B}.Debug|Any CPU.Build.0 = Debug|Any CPU
		{2A138FB8-C550-47A6-A641-4D6681629E1B}.Release|Any CPU.ActiveCfg = Release|Any CPU
		{2A138FB8-C550-47A6-A641-4D6681629E1B}.Release|Any CPU.Build.0 = Release|Any CPU
		{1F51D35A-C1D0-4037-AD02-6CA526CC09A6}.Debug|Any CPU.ActiveCfg = Debug|Any CPU
		{1F51D35A-C1D0-4037-AD02-6CA526CC09A6}.Debug|Any CPU.Build.0 = Debug|Any CPU
		{1F51D35A-C1D0-4037-AD02-6CA526CC09A6}.Release|Any CPU.ActiveCfg = Release|Any CPU
		{1F51D35A-C1D0-4037-AD02-6CA526CC09A6}.Release|Any CPU.Build.0 = Release|Any CPU
		{927265CB-8DDB-4521-B9AC-1DFB5F70E59D}.Debug|Any CPU.ActiveCfg = Debug|Any CPU
		{927265CB-8DDB-4521-B9AC-1DFB5F70E59D}.Debug|Any CPU.Build.0 = Debug|Any CPU
		{927265CB-8DDB-4521-B9AC-1DFB5F70E59D}.Release|Any CPU.ActiveCfg = Release|Any CPU
		{927265CB-8DDB-4521-B9AC-1DFB5F70E59D}.Release|Any CPU.Build.0 = Release|Any CPU
	EndGlobalSection
	GlobalSection(SolutionProperties) = preSolution
		HideSolutionNode = FALSE
	EndGlobalSection
	GlobalSection(ExtensibilityGlobals) = postSolution
		SolutionGuid = {28B7F55C-14DE-4168-8E61-77F798B7E5F9}
	EndGlobalSection
EndGlobal
